// !$*UTF8*$!
{
	archiveVersion = 1;
	classes = {
	};
	objectVersion = 46;
	objects = {

/* Begin PBXBuildFile section */
		D907B82F1A17EE4F004C6C67 /* QuotesList.plist in Resources */ = {isa = PBXBuildFile; fileRef = D907B82E1A17EE4F004C6C67 /* QuotesList.plist */; };
		D9B027FF19F0843D001C4C7F /* AppDelegate.swift in Sources */ = {isa = PBXBuildFile; fileRef = D9B027FE19F0843D001C4C7F /* AppDelegate.swift */; };
		D9B0280119F0843D001C4C7F /* ViewController.swift in Sources */ = {isa = PBXBuildFile; fileRef = D9B0280019F0843D001C4C7F /* ViewController.swift */; };
		D9B0280619F0843D001C4C7F /* Images.xcassets in Resources */ = {isa = PBXBuildFile; fileRef = D9B0280519F0843D001C4C7F /* Images.xcassets */; };
		D9B0280919F0843D001C4C7F /* LaunchScreen.xib in Resources */ = {isa = PBXBuildFile; fileRef = D9B0280719F0843D001C4C7F /* LaunchScreen.xib */; };
		D9B0281519F0843E001C4C7F /* AlphaTests.swift in Sources */ = {isa = PBXBuildFile; fileRef = D9B0281419F0843E001C4C7F /* AlphaTests.swift */; };
		D9B95AE21A184DCA0080610A /* Word.swift in Sources */ = {isa = PBXBuildFile; fileRef = D9B95AE11A184DCA0080610A /* Word.swift */; };
		D9B95AE41A184E3A0080610A /* WordsList.plist in Resources */ = {isa = PBXBuildFile; fileRef = D9B95AE31A184E3A0080610A /* WordsList.plist */; };
		D9B95AE71A1875F30080610A /* Utility.swift in Sources */ = {isa = PBXBuildFile; fileRef = D9B95AE61A1875F30080610A /* Utility.swift */; };
		D9FC0E2B19F45988000B5EEC /* FortuneGroup.swift in Sources */ = {isa = PBXBuildFile; fileRef = D9FC0E2A19F45988000B5EEC /* FortuneGroup.swift */; };
		D9FC0E3119F46105000B5EEC /* fortunes.swift in Sources */ = {isa = PBXBuildFile; fileRef = D9FC0E3019F46105000B5EEC /* fortunes.swift */; };
		D9FC0E3819F46C20000B5EEC /* Main.storyboard in Resources */ = {isa = PBXBuildFile; fileRef = D9FC0E3619F46C20000B5EEC /* Main.storyboard */; };
		D9FC0E3B19F46D18000B5EEC /* quotes.swift in Sources */ = {isa = PBXBuildFile; fileRef = D9FC0E3A19F46D18000B5EEC /* quotes.swift */; };
/* End PBXBuildFile section */

/* Begin PBXContainerItemProxy section */
		D9B0280F19F0843E001C4C7F /* PBXContainerItemProxy */ = {
			isa = PBXContainerItemProxy;
			containerPortal = D9B027F119F0843D001C4C7F /* Project object */;
			proxyType = 1;
			remoteGlobalIDString = D9B027F819F0843D001C4C7F;
			remoteInfo = Alpha;
		};
/* End PBXContainerItemProxy section */

/* Begin PBXFileReference section */
		D907B82E1A17EE4F004C6C67 /* QuotesList.plist */ = {isa = PBXFileReference; fileEncoding = 4; lastKnownFileType = text.plist.xml; path = QuotesList.plist; sourceTree = "<group>"; };
		D9B027F919F0843D001C4C7F /* Alpha.app */ = {isa = PBXFileReference; explicitFileType = wrapper.application; includeInIndex = 0; path = Alpha.app; sourceTree = BUILT_PRODUCTS_DIR; };
		D9B027FD19F0843D001C4C7F /* Info.plist */ = {isa = PBXFileReference; lastKnownFileType = text.plist.xml; path = Info.plist; sourceTree = "<group>"; };
		D9B027FE19F0843D001C4C7F /* AppDelegate.swift */ = {isa = PBXFileReference; lastKnownFileType = sourcecode.swift; path = AppDelegate.swift; sourceTree = "<group>"; };
		D9B0280019F0843D001C4C7F /* ViewController.swift */ = {isa = PBXFileReference; lastKnownFileType = sourcecode.swift; path = ViewController.swift; sourceTree = "<group>"; };
		D9B0280519F0843D001C4C7F /* Images.xcassets */ = {isa = PBXFileReference; lastKnownFileType = folder.assetcatalog; path = Images.xcassets; sourceTree = "<group>"; };
		D9B0280819F0843D001C4C7F /* Base */ = {isa = PBXFileReference; lastKnownFileType = file.xib; name = Base; path = Base.lproj/LaunchScreen.xib; sourceTree = "<group>"; };
		D9B0280E19F0843E001C4C7F /* AlphaTests.xctest */ = {isa = PBXFileReference; explicitFileType = wrapper.cfbundle; includeInIndex = 0; path = AlphaTests.xctest; sourceTree = BUILT_PRODUCTS_DIR; };
		D9B0281319F0843E001C4C7F /* Info.plist */ = {isa = PBXFileReference; lastKnownFileType = text.plist.xml; path = Info.plist; sourceTree = "<group>"; };
		D9B0281419F0843E001C4C7F /* AlphaTests.swift */ = {isa = PBXFileReference; lastKnownFileType = sourcecode.swift; path = AlphaTests.swift; sourceTree = "<group>"; };
		D9B95AE11A184DCA0080610A /* Word.swift */ = {isa = PBXFileReference; fileEncoding = 4; lastKnownFileType = sourcecode.swift; path = Word.swift; sourceTree = "<group>"; };
		D9B95AE31A184E3A0080610A /* WordsList.plist */ = {isa = PBXFileReference; fileEncoding = 4; lastKnownFileType = text.plist.xml; path = WordsList.plist; sourceTree = "<group>"; };
		D9B95AE61A1875F30080610A /* Utility.swift */ = {isa = PBXFileReference; fileEncoding = 4; lastKnownFileType = sourcecode.swift; path = Utility.swift; sourceTree = "<group>"; };
		D9FC0E2A19F45988000B5EEC /* FortuneGroup.swift */ = {isa = PBXFileReference; fileEncoding = 4; lastKnownFileType = sourcecode.swift; path = FortuneGroup.swift; sourceTree = "<group>"; };
		D9FC0E3019F46105000B5EEC /* fortunes.swift */ = {isa = PBXFileReference; fileEncoding = 4; lastKnownFileType = sourcecode.swift; path = fortunes.swift; sourceTree = "<group>"; };
		D9FC0E3719F46C20000B5EEC /* Base */ = {isa = PBXFileReference; lastKnownFileType = file.storyboard; name = Base; path = Base.lproj/Main.storyboard; sourceTree = "<group>"; };
		D9FC0E3A19F46D18000B5EEC /* quotes.swift */ = {isa = PBXFileReference; fileEncoding = 4; lastKnownFileType = sourcecode.swift; path = quotes.swift; sourceTree = "<group>"; };
/* End PBXFileReference section */

/* Begin PBXFrameworksBuildPhase section */
		D9B027F619F0843D001C4C7F /* Frameworks */ = {
			isa = PBXFrameworksBuildPhase;
			buildActionMask = 2147483647;
			files = (
			);
			runOnlyForDeploymentPostprocessing = 0;
		};
		D9B0280B19F0843E001C4C7F /* Frameworks */ = {
			isa = PBXFrameworksBuildPhase;
			buildActionMask = 2147483647;
			files = (
			);
			runOnlyForDeploymentPostprocessing = 0;
		};
/* End PBXFrameworksBuildPhase section */

/* Begin PBXGroup section */
		D9B027F019F0843D001C4C7F = {
			isa = PBXGroup;
			children = (
				D9B027FB19F0843D001C4C7F /* Alpha */,
				D9B0281119F0843E001C4C7F /* AlphaTests */,
				D9B027FA19F0843D001C4C7F /* Products */,
			);
			sourceTree = "<group>";
		};
		D9B027FA19F0843D001C4C7F /* Products */ = {
			isa = PBXGroup;
			children = (
				D9B027F919F0843D001C4C7F /* Alpha.app */,
				D9B0280E19F0843E001C4C7F /* AlphaTests.xctest */,
			);
			name = Products;
			sourceTree = "<group>";
		};
		D9B027FB19F0843D001C4C7F /* Alpha */ = {
			isa = PBXGroup;
			children = (
				D9B027FE19F0843D001C4C7F /* AppDelegate.swift */,
				D9B0280019F0843D001C4C7F /* ViewController.swift */,
				D9B95AE51A184E400080610A /* Words */,
				D9FC0E3E19F46EE1000B5EEC /* Quotes */,
				D9FC0E3919F46C6F000B5EEC /* Fortune */,
				D9B0280519F0843D001C4C7F /* Images.xcassets */,
				D9FC0E3619F46C20000B5EEC /* Main.storyboard */,
				D9B0280719F0843D001C4C7F /* LaunchScreen.xib */,
				D9B95AE61A1875F30080610A /* Utility.swift */,
				D9B027FC19F0843D001C4C7F /* Supporting Files */,
			);
			path = Alpha;
			sourceTree = "<group>";
		};
		D9B027FC19F0843D001C4C7F /* Supporting Files */ = {
			isa = PBXGroup;
			children = (
				D9B027FD19F0843D001C4C7F /* Info.plist */,
			);
			name = "Supporting Files";
			sourceTree = "<group>";
		};
		D9B0281119F0843E001C4C7F /* AlphaTests */ = {
			isa = PBXGroup;
			children = (
				D9B0281419F0843E001C4C7F /* AlphaTests.swift */,
				D9B0281219F0843E001C4C7F /* Supporting Files */,
			);
			path = AlphaTests;
			sourceTree = "<group>";
		};
		D9B0281219F0843E001C4C7F /* Supporting Files */ = {
			isa = PBXGroup;
			children = (
				D9B0281319F0843E001C4C7F /* Info.plist */,
			);
			name = "Supporting Files";
			sourceTree = "<group>";
		};
		D9B95AE51A184E400080610A /* Words */ = {
			isa = PBXGroup;
			children = (
				D9B95AE11A184DCA0080610A /* Word.swift */,
				D9B95AE31A184E3A0080610A /* WordsList.plist */,
			);
			name = Words;
			sourceTree = "<group>";
		};
		D9FC0E3919F46C6F000B5EEC /* Fortune */ = {
			isa = PBXGroup;
			children = (
				D9FC0E3019F46105000B5EEC /* fortunes.swift */,
				D9FC0E2A19F45988000B5EEC /* FortuneGroup.swift */,
			);
			name = Fortune;
			sourceTree = "<group>";
		};
		D9FC0E3E19F46EE1000B5EEC /* Quotes */ = {
			isa = PBXGroup;
			children = (
				D9FC0E3A19F46D18000B5EEC /* quotes.swift */,
				D907B82E1A17EE4F004C6C67 /* QuotesList.plist */,
			);
			name = Quotes;
			sourceTree = "<group>";
		};
/* End PBXGroup section */

/* Begin PBXNativeTarget section */
		D9B027F819F0843D001C4C7F /* Alpha */ = {
			isa = PBXNativeTarget;
			buildConfigurationList = D9B0281819F0843E001C4C7F /* Build configuration list for PBXNativeTarget "Alpha" */;
			buildPhases = (
				D9B027F519F0843D001C4C7F /* Sources */,
				D9B027F619F0843D001C4C7F /* Frameworks */,
				D9B027F719F0843D001C4C7F /* Resources */,
			);
			buildRules = (
			);
			dependencies = (
			);
			name = Alpha;
			productName = Alpha;
			productReference = D9B027F919F0843D001C4C7F /* Alpha.app */;
			productType = "com.apple.product-type.application";
		};
		D9B0280D19F0843E001C4C7F /* AlphaTests */ = {
			isa = PBXNativeTarget;
			buildConfigurationList = D9B0281B19F0843E001C4C7F /* Build configuration list for PBXNativeTarget "AlphaTests" */;
			buildPhases = (
				D9B0280A19F0843E001C4C7F /* Sources */,
				D9B0280B19F0843E001C4C7F /* Frameworks */,
				D9B0280C19F0843E001C4C7F /* Resources */,
			);
			buildRules = (
			);
			dependencies = (
				D9B0281019F0843E001C4C7F /* PBXTargetDependency */,
			);
			name = AlphaTests;
			productName = AlphaTests;
			productReference = D9B0280E19F0843E001C4C7F /* AlphaTests.xctest */;
			productType = "com.apple.product-type.bundle.unit-test";
		};
/* End PBXNativeTarget section */

/* Begin PBXProject section */
		D9B027F119F0843D001C4C7F /* Project object */ = {
			isa = PBXProject;
			attributes = {
				LastUpgradeCheck = 0600;
				ORGANIZATIONNAME = "Ozzie Kirkby";
				TargetAttributes = {
					D9B027F819F0843D001C4C7F = {
						CreatedOnToolsVersion = 6.0;
					};
					D9B0280D19F0843E001C4C7F = {
						CreatedOnToolsVersion = 6.0;
						TestTargetID = D9B027F819F0843D001C4C7F;
					};
				};
			};
			buildConfigurationList = D9B027F419F0843D001C4C7F /* Build configuration list for PBXProject "Alpha" */;
			compatibilityVersion = "Xcode 3.2";
			developmentRegion = English;
			hasScannedForEncodings = 0;
			knownRegions = (
				en,
				Base,
			);
			mainGroup = D9B027F019F0843D001C4C7F;
			productRefGroup = D9B027FA19F0843D001C4C7F /* Products */;
			projectDirPath = "";
			projectRoot = "";
			targets = (
				D9B027F819F0843D001C4C7F /* Alpha */,
				D9B0280D19F0843E001C4C7F /* AlphaTests */,
			);
		};
/* End PBXProject section */

/* Begin PBXResourcesBuildPhase section */
		D9B027F719F0843D001C4C7F /* Resources */ = {
			isa = PBXResourcesBuildPhase;
			buildActionMask = 2147483647;
			files = (
				D9FC0E3819F46C20000B5EEC /* Main.storyboard in Resources */,
				D9B0280919F0843D001C4C7F /* LaunchScreen.xib in Resources */,
				D9B0280619F0843D001C4C7F /* Images.xcassets in Resources */,
				D907B82F1A17EE4F004C6C67 /* QuotesList.plist in Resources */,
				D9B95AE41A184E3A0080610A /* WordsList.plist in Resources */,
			);
			runOnlyForDeploymentPostprocessing = 0;
		};
		D9B0280C19F0843E001C4C7F /* Resources */ = {
			isa = PBXResourcesBuildPhase;
			buildActionMask = 2147483647;
			files = (
			);
			runOnlyForDeploymentPostprocessing = 0;
		};
/* End PBXResourcesBuildPhase section */

/* Begin PBXSourcesBuildPhase section */
		D9B027F519F0843D001C4C7F /* Sources */ = {
			isa = PBXSourcesBuildPhase;
			buildActionMask = 2147483647;
			files = (
				D9B95AE71A1875F30080610A /* Utility.swift in Sources */,
				D9FC0E2B19F45988000B5EEC /* FortuneGroup.swift in Sources */,
				D9B0280119F0843D001C4C7F /* ViewController.swift in Sources */,
				D9B027FF19F0843D001C4C7F /* AppDelegate.swift in Sources */,
				D9FC0E3B19F46D18000B5EEC /* quotes.swift in Sources */,
				D9FC0E3119F46105000B5EEC /* fortunes.swift in Sources */,
				D9B95AE21A184DCA0080610A /* Word.swift in Sources */,
			);
			runOnlyForDeploymentPostprocessing = 0;
		};
		D9B0280A19F0843E001C4C7F /* Sources */ = {
			isa = PBXSourcesBuildPhase;
			buildActionMask = 2147483647;
			files = (
				D9B0281519F0843E001C4C7F /* AlphaTests.swift in Sources */,
			);
			runOnlyForDeploymentPostprocessing = 0;
		};
/* End PBXSourcesBuildPhase section */

/* Begin PBXTargetDependency section */
		D9B0281019F0843E001C4C7F /* PBXTargetDependency */ = {
			isa = PBXTargetDependency;
			target = D9B027F819F0843D001C4C7F /* Alpha */;
			targetProxy = D9B0280F19F0843E001C4C7F /* PBXContainerItemProxy */;
		};
/* End PBXTargetDependency section */

/* Begin PBXVariantGroup section */
		D9B0280719F0843D001C4C7F /* LaunchScreen.xib */ = {
			isa = PBXVariantGroup;
			children = (
				D9B0280819F0843D001C4C7F /* Base */,
			);
			name = LaunchScreen.xib;
			sourceTree = "<group>";
		};
		D9FC0E3619F46C20000B5EEC /* Main.storyboard */ = {
			isa = PBXVariantGroup;
			children = (
				D9FC0E3719F46C20000B5EEC /* Base */,
			);
			name = Main.storyboard;
			sourceTree = "<group>";
		};
/* End PBXVariantGroup section */

/* Begin XCBuildConfiguration section */
		D9B0281619F0843E001C4C7F /* Debug */ = {
			isa = XCBuildConfiguration;
			buildSettings = {
				ALWAYS_SEARCH_USER_PATHS = NO;
				CLANG_CXX_LANGUAGE_STANDARD = "gnu++0x";
				CLANG_CXX_LIBRARY = "libc++";
				CLANG_ENABLE_MODULES = YES;
				CLANG_ENABLE_OBJC_ARC = YES;
				CLANG_WARN_BOOL_CONVERSION = YES;
				CLANG_WARN_CONSTANT_CONVERSION = YES;
				CLANG_WARN_DIRECT_OBJC_ISA_USAGE = YES_ERROR;
				CLANG_WARN_EMPTY_BODY = YES;
				CLANG_WARN_ENUM_CONVERSION = YES;
				CLANG_WARN_INT_CONVERSION = YES;
				CLANG_WARN_OBJC_ROOT_CLASS = YES_ERROR;
				CLANG_WARN_UNREACHABLE_CODE = YES;
				CLANG_WARN__DUPLICATE_METHOD_MATCH = YES;
				"CODE_SIGN_IDENTITY[sdk=iphoneos*]" = "iPhone Developer";
				COPY_PHASE_STRIP = NO;
				ENABLE_STRICT_OBJC_MSGSEND = YES;
				GCC_C_LANGUAGE_STANDARD = gnu99;
				GCC_DYNAMIC_NO_PIC = NO;
				GCC_OPTIMIZATION_LEVEL = 0;
				GCC_PREPROCESSOR_DEFINITIONS = (
					"DEBUG=1",
					"$(inherited)",
				);
				GCC_SYMBOLS_PRIVATE_EXTERN = NO;
				GCC_WARN_64_TO_32_BIT_CONVERSION = YES;
				GCC_WARN_ABOUT_RETURN_TYPE = YES_ERROR;
				GCC_WARN_UNDECLARED_SELECTOR = YES;
				GCC_WARN_UNINITIALIZED_AUTOS = YES_AGGRESSIVE;
				GCC_WARN_UNUSED_FUNCTION = YES;
				GCC_WARN_UNUSED_VARIABLE = YES;
				IPHONEOS_DEPLOYMENT_TARGET = 8.0;
				MTL_ENABLE_DEBUG_INFO = YES;
				ONLY_ACTIVE_ARCH = YES;
				SDKROOT = iphoneos;
				SWIFT_OPTIMIZATION_LEVEL = "-Onone";
			};
			name = Debug;
		};
		D9B0281719F0843E001C4C7F /* Release */ = {
			isa = XCBuildConfiguration;
			buildSettings = {
				ALWAYS_SEARCH_USER_PATHS = NO;
				CLANG_CXX_LANGUAGE_STANDARD = "gnu++0x";
				CLANG_CXX_LIBRARY = "libc++";
				CLANG_ENABLE_MODULES = YES;
				CLANG_ENABLE_OBJC_ARC = YES;
				CLANG_WARN_BOOL_CONVERSION = YES;
				CLANG_WARN_CONSTANT_CONVERSION = YES;
				CLANG_WARN_DIRECT_OBJC_ISA_USAGE = YES_ERROR;
				CLANG_WARN_EMPTY_BODY = YES;
				CLANG_WARN_ENUM_CONVERSION = YES;
				CLANG_WARN_INT_CONVERSION = YES;
				CLANG_WARN_OBJC_ROOT_CLASS = YES_ERROR;
				CLANG_WARN_UNREACHABLE_CODE = YES;
				CLANG_WARN__DUPLICATE_METHOD_MATCH = YES;
				"CODE_SIGN_IDENTITY[sdk=iphoneos*]" = "iPhone Developer";
				COPY_PHASE_STRIP = YES;
				ENABLE_NS_ASSERTIONS = NO;
				ENABLE_STRICT_OBJC_MSGSEND = YES;
				GCC_C_LANGUAGE_STANDARD = gnu99;
				GCC_WARN_64_TO_32_BIT_CONVERSION = YES;
				GCC_WARN_ABOUT_RETURN_TYPE = YES_ERROR;
				GCC_WARN_UNDECLARED_SELECTOR = YES;
				GCC_WARN_UNINITIALIZED_AUTOS = YES_AGGRESSIVE;
				GCC_WARN_UNUSED_FUNCTION = YES;
				GCC_WARN_UNUSED_VARIABLE = YES;
				IPHONEOS_DEPLOYMENT_TARGET = 8.0;
				MTL_ENABLE_DEBUG_INFO = NO;
				SDKROOT = iphoneos;
				VALIDATE_PRODUCT = YES;
			};
			name = Release;
		};
		D9B0281919F0843E001C4C7F /* Debug */ = {
			isa = XCBuildConfiguration;
			buildSettings = {
				ASSETCATALOG_COMPILER_APPICON_NAME = AppIcon;
				INFOPLIST_FILE = Alpha/Info.plist;
				LD_RUNPATH_SEARCH_PATHS = "$(inherited) @executable_path/Frameworks";
				PRODUCT_NAME = "$(TARGET_NAME)";
			};
			name = Debug;
		};
		D9B0281A19F0843E001C4C7F /* Release */ = {
			isa = XCBuildConfiguration;
			buildSettings = {
				ASSETCATALOG_COMPILER_APPICON_NAME = AppIcon;
				INFOPLIST_FILE = Alpha/Info.plist;
				LD_RUNPATH_SEARCH_PATHS = "$(inherited) @executable_path/Frameworks";
				PRODUCT_NAME = "$(TARGET_NAME)";
			};
			name = Release;
		};
		D9B0281C19F0843E001C4C7F /* Debug */ = {
			isa = XCBuildConfiguration;
			buildSettings = {
				BUNDLE_LOADER = "$(TEST_HOST)";
				FRAMEWORK_SEARCH_PATHS = (
					"$(SDKROOT)/Developer/Library/Frameworks",
					"$(inherited)",
				);
				GCC_PREPROCESSOR_DEFINITIONS = (
					"DEBUG=1",
					"$(inherited)",
				);
				INFOPLIST_FILE = AlphaTests/Info.plist;
				LD_RUNPATH_SEARCH_PATHS = "$(inherited) @executable_path/Frameworks @loader_path/Frameworks";
				PRODUCT_NAME = "$(TARGET_NAME)";
				TEST_HOST = "$(BUILT_PRODUCTS_DIR)/Alpha.app/Alpha";
			};
			name = Debug;
		};
		D9B0281D19F0843E001C4C7F /* Release */ = {
			isa = XCBuildConfiguration;
			buildSettings = {
				BUNDLE_LOADER = "$(TEST_HOST)";
				FRAMEWORK_SEARCH_PATHS = (
					"$(SDKROOT)/Developer/Library/Frameworks",
					"$(inherited)",
				);
				INFOPLIST_FILE = AlphaTests/Info.plist;
				LD_RUNPATH_SEARCH_PATHS = "$(inherited) @executable_path/Frameworks @loader_path/Frameworks";
				PRODUCT_NAME = "$(TARGET_NAME)";
				TEST_HOST = "$(BUILT_PRODUCTS_DIR)/Alpha.app/Alpha";
			};
			name = Release;
		};
/* End XCBuildConfiguration section */

/* Begin XCConfigurationList section */
		D9B027F419F0843D001C4C7F /* Build configuration list for PBXProject "Alpha" */ = {
			isa = XCConfigurationList;
			buildConfigurations = (
				D9B0281619F0843E001C4C7F /* Debug */,
				D9B0281719F0843E001C4C7F /* Release */,
			);
			defaultConfigurationIsVisible = 0;
			defaultConfigurationName = Release;
		};
		D9B0281819F0843E001C4C7F /* Build configuration list for PBXNativeTarget "Alpha" */ = {
			isa = XCConfigurationList;
			buildConfigurations = (
				D9B0281919F0843E001C4C7F /* Debug */,
				D9B0281A19F0843E001C4C7F /* Release */,
			);
			defaultConfigurationIsVisible = 0;
			defaultConfigurationName = Release;
		};
		D9B0281B19F0843E001C4C7F /* Build configuration list for PBXNativeTarget "AlphaTests" */ = {
			isa = XCConfigurationList;
			buildConfigurations = (
				D9B0281C19F0843E001C4C7F /* Debug */,
				D9B0281D19F0843E001C4C7F /* Release */,
			);
			defaultConfigurationIsVisible = 0;
			defaultConfigurationName = Release;
		};
/* End XCConfigurationList section */
	};
	rootObject = D9B027F119F0843D001C4C7F /* Project object */;
}
